
Microsoft Visual Studio Solution File, Format Version 12.00
# Visual Studio Version 16
VisualStudioVersion = 16.0.30709.132
MinimumVisualStudioVersion = 10.0.40219.1
Project("{FAE04EC0-301F-11D3-BF4B-00C04F79EFBC}") = "Bridge", "Bridge.csproj", "{68592355-85AD-4FA1-A69E-43629CF51D4B}"
EndProject
Global
	GlobalSection(SolutionConfigurationPlatforms) = preSolution
		Debug|Any CPU = Debug|Any CPU
		Release|Any CPU = Release|Any CPU
	EndGlobalSection
	GlobalSection(ProjectConfigurationPlatforms) = postSolution
		{68592355-85AD-4FA1-A69E-43629CF51D4B}.Debug|Any CPU.ActiveCfg = Debug|Any CPU
		{68592355-85AD-4FA1-A69E-43629CF51D4B}.Debug|Any CPU.Build.0 = Debug|Any CPU
		{68592355-85AD-4FA1-A69E-43629CF51D4B}.Release|Any CPU.ActiveCfg = Release|Any CPU
		{68592355-85AD-4FA1-A69E-43629CF51D4B}.Release|Any CPU.Build.0 = Release|Any CPU
	EndGlobalSection
	GlobalSection(SolutionProperties) = preSolution
		HideSolutionNode = FALSE
	EndGlobalSection
	GlobalSection(ExtensibilityGlobals) = postSolution
		SolutionGuid = {E147EAA2-DDC1-4D32-BF4B-988B3DB96690}
	EndGlobalSection
EndGlobal
