
Microsoft Visual Studio Solution File, Format Version 12.00
# Visual Studio Version 16
VisualStudioVersion = 16.0.30709.132
MinimumVisualStudioVersion = 10.0.40219.1
Project("{FAE04EC0-301F-11D3-BF4B-00C04F79EFBC}") = "Adapter", "Adapter.csproj", "{E357E91E-5CCB-4B73-B736-0AA9B032874B}"
EndProject
Global
	GlobalSection(SolutionConfigurationPlatforms) = preSolution
		Debug|Any CPU = Debug|Any CPU
		Release|Any CPU = Release|Any CPU
	EndGlobalSection
	GlobalSection(ProjectConfigurationPlatforms) = postSolution
		{E357E91E-5CCB-4B73-B736-0AA9B032874B}.Debug|Any CPU.ActiveCfg = Debug|Any CPU
		{E357E91E-5CCB-4B73-B736-0AA9B032874B}.Debug|Any CPU.Build.0 = Debug|Any CPU
		{E357E91E-5CCB-4B73-B736-0AA9B032874B}.Release|Any CPU.ActiveCfg = Release|Any CPU
		{E357E91E-5CCB-4B73-B736-0AA9B032874B}.Release|Any CPU.Build.0 = Release|Any CPU
	EndGlobalSection
	GlobalSection(SolutionProperties) = preSolution
		HideSolutionNode = FALSE
	EndGlobalSection
	GlobalSection(ExtensibilityGlobals) = postSolution
		SolutionGuid = {474AF4E6-51CB-45A9-A89A-1106330F6A50}
	EndGlobalSection
EndGlobal
